
Microsoft Visual Studio Solution File, Format Version 12.00
# Visual Studio Version 17
VisualStudioVersion = 17.5.002.0
MinimumVisualStudioVersion = 10.0.40219.1
Project("{9A19103F-16F7-4668-BE54-9A1E7A4F7556}") = "contas", "Contas.Api\contas.csproj", "{26DBEB50-7632-4045-A0F0-8CD3A4A01BE9}"
EndProject
Project("{FAE04EC0-301F-11D3-BF4B-00C04F79EFBC}") = "Contas.EfCore", "Contas.EfCore\Contas.EfCore.csproj", "{3638FFE4-941B-424E-B744-4023258B88A7}"
EndProject
Project("{FAE04EC0-301F-11D3-BF4B-00C04F79EFBC}") = "Contas.Domain", "Contas.Domain\Contas.Domain.csproj", "{638326E6-2F51-464B-8A58-62E305C248CF}"
EndProject
Project("{FAE04EC0-301F-11D3-BF4B-00C04F79EFBC}") = "Contas.EfCore.Migrator", "Contas.EfCore.Migrator\Contas.EfCore.Migrator.csproj", "{344C3630-A1C4-4AC0-92BA-08AECC17A748}"
EndProject
Project("{FAE04EC0-301F-11D3-BF4B-00C04F79EFBC}") = "Rsc28.Commons", "Rsc28.Commons\Rsc28.Commons.csproj", "{22A88394-9072-490C-8F41-7AB9D924F135}"
EndProject
Global
	GlobalSection(SolutionConfigurationPlatforms) = preSolution
		Debug|Any CPU = Debug|Any CPU
		Release|Any CPU = Release|Any CPU
	EndGlobalSection
	GlobalSection(ProjectConfigurationPlatforms) = postSolution
		{26DBEB50-7632-4045-A0F0-8CD3A4A01BE9}.Debug|Any CPU.ActiveCfg = Debug|Any CPU
		{26DBEB50-7632-4045-A0F0-8CD3A4A01BE9}.Debug|Any CPU.Build.0 = Debug|Any CPU
		{26DBEB50-7632-4045-A0F0-8CD3A4A01BE9}.Release|Any CPU.ActiveCfg = Release|Any CPU
		{26DBEB50-7632-4045-A0F0-8CD3A4A01BE9}.Release|Any CPU.Build.0 = Release|Any CPU
		{3638FFE4-941B-424E-B744-4023258B88A7}.Debug|Any CPU.ActiveCfg = Debug|Any CPU
		{3638FFE4-941B-424E-B744-4023258B88A7}.Debug|Any CPU.Build.0 = Debug|Any CPU
		{3638FFE4-941B-424E-B744-4023258B88A7}.Release|Any CPU.ActiveCfg = Release|Any CPU
		{3638FFE4-941B-424E-B744-4023258B88A7}.Release|Any CPU.Build.0 = Release|Any CPU
		{638326E6-2F51-464B-8A58-62E305C248CF}.Debug|Any CPU.ActiveCfg = Debug|Any CPU
		{638326E6-2F51-464B-8A58-62E305C248CF}.Debug|Any CPU.Build.0 = Debug|Any CPU
		{638326E6-2F51-464B-8A58-62E305C248CF}.Release|Any CPU.ActiveCfg = Release|Any CPU
		{638326E6-2F51-464B-8A58-62E305C248CF}.Release|Any CPU.Build.0 = Release|Any CPU
		{344C3630-A1C4-4AC0-92BA-08AECC17A748}.Debug|Any CPU.ActiveCfg = Debug|Any CPU
		{344C3630-A1C4-4AC0-92BA-08AECC17A748}.Debug|Any CPU.Build.0 = Debug|Any CPU
		{344C3630-A1C4-4AC0-92BA-08AECC17A748}.Release|Any CPU.ActiveCfg = Release|Any CPU
		{344C3630-A1C4-4AC0-92BA-08AECC17A748}.Release|Any CPU.Build.0 = Release|Any CPU
		{22A88394-9072-490C-8F41-7AB9D924F135}.Debug|Any CPU.ActiveCfg = Debug|Any CPU
		{22A88394-9072-490C-8F41-7AB9D924F135}.Debug|Any CPU.Build.0 = Debug|Any CPU
		{22A88394-9072-490C-8F41-7AB9D924F135}.Release|Any CPU.ActiveCfg = Release|Any CPU
		{22A88394-9072-490C-8F41-7AB9D924F135}.Release|Any CPU.Build.0 = Release|Any CPU
	EndGlobalSection
	GlobalSection(SolutionProperties) = preSolution
		HideSolutionNode = FALSE
	EndGlobalSection
	GlobalSection(ExtensibilityGlobals) = postSolution
		SolutionGuid = {7745C647-FE6F-4658-88AC-327072561071}
	EndGlobalSection
EndGlobal
